// !$*UTF8*$!
{
	archiveVersion = 1;
	classes = {
	};
	objectVersion = 56;
	objects = {

/* Begin PBXBuildFile section */
		EDEB0F1A2BBC219700F03944 /* AppDelegate.swift in Sources */ = {isa = PBXBuildFile; fileRef = EDEB0F192BBC219700F03944 /* AppDelegate.swift */; };
		EDEB0F1C2BBC219700F03944 /* SceneDelegate.swift in Sources */ = {isa = PBXBuildFile; fileRef = EDEB0F1B2BBC219700F03944 /* SceneDelegate.swift */; };
		EDEB0F1E2BBC219700F03944 /* MainViewController.swift in Sources */ = {isa = PBXBuildFile; fileRef = EDEB0F1D2BBC219700F03944 /* MainViewController.swift */; };
		EDEB0F232BBC219800F03944 /* Assets.xcassets in Resources */ = {isa = PBXBuildFile; fileRef = EDEB0F222BBC219800F03944 /* Assets.xcassets */; };
		EDEB0F262BBC219800F03944 /* LaunchScreen.storyboard in Resources */ = {isa = PBXBuildFile; fileRef = EDEB0F242BBC219800F03944 /* LaunchScreen.storyboard */; };
		EDEB0F322BBC8F6400F03944 /* Coordinator.swift in Sources */ = {isa = PBXBuildFile; fileRef = EDEB0F312BBC8F6400F03944 /* Coordinator.swift */; };
		EDEB0F342BBC9D6D00F03944 /* AppCoordinator.swift in Sources */ = {isa = PBXBuildFile; fileRef = EDEB0F332BBC9D6D00F03944 /* AppCoordinator.swift */; };
		EDEB0F3B2BBC9F2100F03944 /* MainCoordinator.swift in Sources */ = {isa = PBXBuildFile; fileRef = EDEB0F3A2BBC9F2100F03944 /* MainCoordinator.swift */; };
		EDEB0F3F2BBCAE2100F03944 /* AdvertisementCoordinator.swift in Sources */ = {isa = PBXBuildFile; fileRef = EDEB0F3E2BBCAE2100F03944 /* AdvertisementCoordinator.swift */; };
		EDEB0F412BBCAE6A00F03944 /* AdvertisementViewController.swift in Sources */ = {isa = PBXBuildFile; fileRef = EDEB0F402BBCAE6A00F03944 /* AdvertisementViewController.swift */; };
		EDEB0F442BBCB00A00F03944 /* MainViewPresenter.swift in Sources */ = {isa = PBXBuildFile; fileRef = EDEB0F432BBCB00A00F03944 /* MainViewPresenter.swift */; };
		EDEB0F4A2BBCBCB400F03944 /* HomeCoordinator.swift in Sources */ = {isa = PBXBuildFile; fileRef = EDEB0F492BBCBCB400F03944 /* HomeCoordinator.swift */; };
		EDEB0F4D2BBCBCDB00F03944 /* HomeViewController.swift in Sources */ = {isa = PBXBuildFile; fileRef = EDEB0F4C2BBCBCDB00F03944 /* HomeViewController.swift */; };
		EDEB0F4F2BBCBD2300F03944 /* AdvertisementPresenter.swift in Sources */ = {isa = PBXBuildFile; fileRef = EDEB0F4E2BBCBD2300F03944 /* AdvertisementPresenter.swift */; };
		EDEB0F532BBCBD5C00F03944 /* HomePresenter.swift in Sources */ = {isa = PBXBuildFile; fileRef = EDEB0F522BBCBD5C00F03944 /* HomePresenter.swift */; };
/* End PBXBuildFile section */

/* Begin PBXFileReference section */
		EDEB0F162BBC219700F03944 /* TestApp.app */ = {isa = PBXFileReference; explicitFileType = wrapper.application; includeInIndex = 0; path = TestApp.app; sourceTree = BUILT_PRODUCTS_DIR; };
		EDEB0F192BBC219700F03944 /* AppDelegate.swift */ = {isa = PBXFileReference; lastKnownFileType = sourcecode.swift; path = AppDelegate.swift; sourceTree = "<group>"; };
		EDEB0F1B2BBC219700F03944 /* SceneDelegate.swift */ = {isa = PBXFileReference; lastKnownFileType = sourcecode.swift; path = SceneDelegate.swift; sourceTree = "<group>"; };
		EDEB0F1D2BBC219700F03944 /* MainViewController.swift */ = {isa = PBXFileReference; lastKnownFileType = sourcecode.swift; path = MainViewController.swift; sourceTree = "<group>"; };
		EDEB0F222BBC219800F03944 /* Assets.xcassets */ = {isa = PBXFileReference; lastKnownFileType = folder.assetcatalog; path = Assets.xcassets; sourceTree = "<group>"; };
		EDEB0F252BBC219800F03944 /* Base */ = {isa = PBXFileReference; lastKnownFileType = file.storyboard; name = Base; path = Base.lproj/LaunchScreen.storyboard; sourceTree = "<group>"; };
		EDEB0F272BBC219800F03944 /* Info.plist */ = {isa = PBXFileReference; lastKnownFileType = text.plist.xml; path = Info.plist; sourceTree = "<group>"; };
		EDEB0F312BBC8F6400F03944 /* Coordinator.swift */ = {isa = PBXFileReference; lastKnownFileType = sourcecode.swift; path = Coordinator.swift; sourceTree = "<group>"; };
		EDEB0F332BBC9D6D00F03944 /* AppCoordinator.swift */ = {isa = PBXFileReference; lastKnownFileType = sourcecode.swift; path = AppCoordinator.swift; sourceTree = "<group>"; };
		EDEB0F3A2BBC9F2100F03944 /* MainCoordinator.swift */ = {isa = PBXFileReference; lastKnownFileType = sourcecode.swift; path = MainCoordinator.swift; sourceTree = "<group>"; };
		EDEB0F3E2BBCAE2100F03944 /* AdvertisementCoordinator.swift */ = {isa = PBXFileReference; lastKnownFileType = sourcecode.swift; path = AdvertisementCoordinator.swift; sourceTree = "<group>"; };
		EDEB0F402BBCAE6A00F03944 /* AdvertisementViewController.swift */ = {isa = PBXFileReference; lastKnownFileType = sourcecode.swift; path = AdvertisementViewController.swift; sourceTree = "<group>"; };
		EDEB0F432BBCB00A00F03944 /* MainViewPresenter.swift */ = {isa = PBXFileReference; lastKnownFileType = sourcecode.swift; path = MainViewPresenter.swift; sourceTree = "<group>"; };
		EDEB0F492BBCBCB400F03944 /* HomeCoordinator.swift */ = {isa = PBXFileReference; lastKnownFileType = sourcecode.swift; path = HomeCoordinator.swift; sourceTree = "<group>"; };
		EDEB0F4C2BBCBCDB00F03944 /* HomeViewController.swift */ = {isa = PBXFileReference; lastKnownFileType = sourcecode.swift; path = HomeViewController.swift; sourceTree = "<group>"; };
		EDEB0F4E2BBCBD2300F03944 /* AdvertisementPresenter.swift */ = {isa = PBXFileReference; lastKnownFileType = sourcecode.swift; path = AdvertisementPresenter.swift; sourceTree = "<group>"; };
		EDEB0F522BBCBD5C00F03944 /* HomePresenter.swift */ = {isa = PBXFileReference; lastKnownFileType = sourcecode.swift; path = HomePresenter.swift; sourceTree = "<group>"; };
/* End PBXFileReference section */

/* Begin PBXFrameworksBuildPhase section */
		EDEB0F132BBC219700F03944 /* Frameworks */ = {
			isa = PBXFrameworksBuildPhase;
			buildActionMask = 2147483647;
			files = (
			);
			runOnlyForDeploymentPostprocessing = 0;
		};
/* End PBXFrameworksBuildPhase section */

/* Begin PBXGroup section */
		EDEB0F0D2BBC219700F03944 = {
			isa = PBXGroup;
			children = (
				EDEB0F182BBC219700F03944 /* TestApp */,
				EDEB0F172BBC219700F03944 /* Products */,
			);
			sourceTree = "<group>";
		};
		EDEB0F172BBC219700F03944 /* Products */ = {
			isa = PBXGroup;
			children = (
				EDEB0F162BBC219700F03944 /* TestApp.app */,
			);
			name = Products;
			sourceTree = "<group>";
		};
		EDEB0F182BBC219700F03944 /* TestApp */ = {
			isa = PBXGroup;
			children = (
				EDEB0F352BBC9E8500F03944 /* UIlayer */,
				EDEB0F2E2BBC8EA200F03944 /* Navigation */,
				EDEB0F192BBC219700F03944 /* AppDelegate.swift */,
				EDEB0F1B2BBC219700F03944 /* SceneDelegate.swift */,
				EDEB0F222BBC219800F03944 /* Assets.xcassets */,
				EDEB0F242BBC219800F03944 /* LaunchScreen.storyboard */,
				EDEB0F272BBC219800F03944 /* Info.plist */,
			);
			path = TestApp;
			sourceTree = "<group>";
		};
		EDEB0F2D2BBC8E9500F03944 /* Coordinators */ = {
			isa = PBXGroup;
			children = (
				EDEB0F312BBC8F6400F03944 /* Coordinator.swift */,
				EDEB0F332BBC9D6D00F03944 /* AppCoordinator.swift */,
				EDEB0F3A2BBC9F2100F03944 /* MainCoordinator.swift */,
				EDEB0F3E2BBCAE2100F03944 /* AdvertisementCoordinator.swift */,
				EDEB0F492BBCBCB400F03944 /* HomeCoordinator.swift */,
			);
			path = Coordinators;
			sourceTree = "<group>";
		};
		EDEB0F2E2BBC8EA200F03944 /* Navigation */ = {
			isa = PBXGroup;
			children = (
				EDEB0F2D2BBC8E9500F03944 /* Coordinators */,
			);
			path = Navigation;
			sourceTree = "<group>";
		};
		EDEB0F352BBC9E8500F03944 /* UIlayer */ = {
			isa = PBXGroup;
			children = (
				EDEB0F462BBCBC2700F03944 /* Scenes */,
			);
			path = UIlayer;
			sourceTree = "<group>";
		};
		EDEB0F462BBCBC2700F03944 /* Scenes */ = {
			isa = PBXGroup;
			children = (
				EDEB0F472BBCBC3100F03944 /* Main */,
				EDEB0F482BBCBC4300F03944 /* Advertisement */,
				EDEB0F4B2BBCBCBB00F03944 /* Home */,
			);
			path = Scenes;
			sourceTree = "<group>";
		};
		EDEB0F472BBCBC3100F03944 /* Main */ = {
			isa = PBXGroup;
			children = (
				EDEB0F1D2BBC219700F03944 /* MainViewController.swift */,
				EDEB0F432BBCB00A00F03944 /* MainViewPresenter.swift */,
			);
			path = Main;
			sourceTree = "<group>";
		};
		EDEB0F482BBCBC4300F03944 /* Advertisement */ = {
			isa = PBXGroup;
			children = (
				EDEB0F402BBCAE6A00F03944 /* AdvertisementViewController.swift */,
				EDEB0F4E2BBCBD2300F03944 /* AdvertisementPresenter.swift */,
			);
			path = Advertisement;
			sourceTree = "<group>";
		};
		EDEB0F4B2BBCBCBB00F03944 /* Home */ = {
			isa = PBXGroup;
			children = (
				EDEB0F4C2BBCBCDB00F03944 /* HomeViewController.swift */,
				EDEB0F522BBCBD5C00F03944 /* HomePresenter.swift */,
			);
			path = Home;
			sourceTree = "<group>";
		};
/* End PBXGroup section */

/* Begin PBXNativeTarget section */
		EDEB0F152BBC219700F03944 /* TestApp */ = {
			isa = PBXNativeTarget;
			buildConfigurationList = EDEB0F2A2BBC219800F03944 /* Build configuration list for PBXNativeTarget "TestApp" */;
			buildPhases = (
				EDEB0F122BBC219700F03944 /* Sources */,
				EDEB0F132BBC219700F03944 /* Frameworks */,
				EDEB0F142BBC219700F03944 /* Resources */,
			);
			buildRules = (
			);
			dependencies = (
			);
			name = TestApp;
			productName = TestApp;
			productReference = EDEB0F162BBC219700F03944 /* TestApp.app */;
			productType = "com.apple.product-type.application";
		};
/* End PBXNativeTarget section */

/* Begin PBXProject section */
		EDEB0F0E2BBC219700F03944 /* Project object */ = {
			isa = PBXProject;
			attributes = {
				BuildIndependentTargetsInParallel = 1;
				LastSwiftUpdateCheck = 1520;
				LastUpgradeCheck = 1520;
				TargetAttributes = {
					EDEB0F152BBC219700F03944 = {
						CreatedOnToolsVersion = 15.2;
					};
				};
			};
			buildConfigurationList = EDEB0F112BBC219700F03944 /* Build configuration list for PBXProject "TestApp" */;
			compatibilityVersion = "Xcode 14.0";
			developmentRegion = en;
			hasScannedForEncodings = 0;
			knownRegions = (
				en,
				Base,
			);
			mainGroup = EDEB0F0D2BBC219700F03944;
			productRefGroup = EDEB0F172BBC219700F03944 /* Products */;
			projectDirPath = "";
			projectRoot = "";
			targets = (
				EDEB0F152BBC219700F03944 /* TestApp */,
			);
		};
/* End PBXProject section */

/* Begin PBXResourcesBuildPhase section */
		EDEB0F142BBC219700F03944 /* Resources */ = {
			isa = PBXResourcesBuildPhase;
			buildActionMask = 2147483647;
			files = (
				EDEB0F262BBC219800F03944 /* LaunchScreen.storyboard in Resources */,
				EDEB0F232BBC219800F03944 /* Assets.xcassets in Resources */,
			);
			runOnlyForDeploymentPostprocessing = 0;
		};
/* End PBXResourcesBuildPhase section */

/* Begin PBXSourcesBuildPhase section */
		EDEB0F122BBC219700F03944 /* Sources */ = {
			isa = PBXSourcesBuildPhase;
			buildActionMask = 2147483647;
			files = (
				EDEB0F3F2BBCAE2100F03944 /* AdvertisementCoordinator.swift in Sources */,
				EDEB0F322BBC8F6400F03944 /* Coordinator.swift in Sources */,
				EDEB0F4F2BBCBD2300F03944 /* AdvertisementPresenter.swift in Sources */,
				EDEB0F412BBCAE6A00F03944 /* AdvertisementViewController.swift in Sources */,
				EDEB0F3B2BBC9F2100F03944 /* MainCoordinator.swift in Sources */,
				EDEB0F1E2BBC219700F03944 /* MainViewController.swift in Sources */,
				EDEB0F342BBC9D6D00F03944 /* AppCoordinator.swift in Sources */,
				EDEB0F1A2BBC219700F03944 /* AppDelegate.swift in Sources */,
				EDEB0F4D2BBCBCDB00F03944 /* HomeViewController.swift in Sources */,
				EDEB0F532BBCBD5C00F03944 /* HomePresenter.swift in Sources */,
				EDEB0F4A2BBCBCB400F03944 /* HomeCoordinator.swift in Sources */,
				EDEB0F1C2BBC219700F03944 /* SceneDelegate.swift in Sources */,
				EDEB0F442BBCB00A00F03944 /* MainViewPresenter.swift in Sources */,
			);
			runOnlyForDeploymentPostprocessing = 0;
		};
/* End PBXSourcesBuildPhase section */

/* Begin PBXVariantGroup section */
		EDEB0F242BBC219800F03944 /* LaunchScreen.storyboard */ = {
			isa = PBXVariantGroup;
			children = (
				EDEB0F252BBC219800F03944 /* Base */,
			);
			name = LaunchScreen.storyboard;
			sourceTree = "<group>";
		};
/* End PBXVariantGroup section */

/* Begin XCBuildConfiguration section */
		EDEB0F282BBC219800F03944 /* Debug */ = {
			isa = XCBuildConfiguration;
			buildSettings = {
				ALWAYS_SEARCH_USER_PATHS = NO;
				ASSETCATALOG_COMPILER_GENERATE_SWIFT_ASSET_SYMBOL_EXTENSIONS = YES;
				CLANG_ANALYZER_NONNULL = YES;
				CLANG_ANALYZER_NUMBER_OBJECT_CONVERSION = YES_AGGRESSIVE;
				CLANG_CXX_LANGUAGE_STANDARD = "gnu++20";
				CLANG_ENABLE_MODULES = YES;
				CLANG_ENABLE_OBJC_ARC = YES;
				CLANG_ENABLE_OBJC_WEAK = YES;
				CLANG_WARN_BLOCK_CAPTURE_AUTORELEASING = YES;
				CLANG_WARN_BOOL_CONVERSION = YES;
				CLANG_WARN_COMMA = YES;
				CLANG_WARN_CONSTANT_CONVERSION = YES;
				CLANG_WARN_DEPRECATED_OBJC_IMPLEMENTATIONS = YES;
				CLANG_WARN_DIRECT_OBJC_ISA_USAGE = YES_ERROR;
				CLANG_WARN_DOCUMENTATION_COMMENTS = YES;
				CLANG_WARN_EMPTY_BODY = YES;
				CLANG_WARN_ENUM_CONVERSION = YES;
				CLANG_WARN_INFINITE_RECURSION = YES;
				CLANG_WARN_INT_CONVERSION = YES;
				CLANG_WARN_NON_LITERAL_NULL_CONVERSION = YES;
				CLANG_WARN_OBJC_IMPLICIT_RETAIN_SELF = YES;
				CLANG_WARN_OBJC_LITERAL_CONVERSION = YES;
				CLANG_WARN_OBJC_ROOT_CLASS = YES_ERROR;
				CLANG_WARN_QUOTED_INCLUDE_IN_FRAMEWORK_HEADER = YES;
				CLANG_WARN_RANGE_LOOP_ANALYSIS = YES;
				CLANG_WARN_STRICT_PROTOTYPES = YES;
				CLANG_WARN_SUSPICIOUS_MOVE = YES;
				CLANG_WARN_UNGUARDED_AVAILABILITY = YES_AGGRESSIVE;
				CLANG_WARN_UNREACHABLE_CODE = YES;
				CLANG_WARN__DUPLICATE_METHOD_MATCH = YES;
				COPY_PHASE_STRIP = NO;
				DEBUG_INFORMATION_FORMAT = dwarf;
				ENABLE_STRICT_OBJC_MSGSEND = YES;
				ENABLE_TESTABILITY = YES;
				ENABLE_USER_SCRIPT_SANDBOXING = YES;
				GCC_C_LANGUAGE_STANDARD = gnu17;
				GCC_DYNAMIC_NO_PIC = NO;
				GCC_NO_COMMON_BLOCKS = YES;
				GCC_OPTIMIZATION_LEVEL = 0;
				GCC_PREPROCESSOR_DEFINITIONS = (
					"DEBUG=1",
					"$(inherited)",
				);
				GCC_WARN_64_TO_32_BIT_CONVERSION = YES;
				GCC_WARN_ABOUT_RETURN_TYPE = YES_ERROR;
				GCC_WARN_UNDECLARED_SELECTOR = YES;
				GCC_WARN_UNINITIALIZED_AUTOS = YES_AGGRESSIVE;
				GCC_WARN_UNUSED_FUNCTION = YES;
				GCC_WARN_UNUSED_VARIABLE = YES;
				IPHONEOS_DEPLOYMENT_TARGET = 17.2;
				LOCALIZATION_PREFERS_STRING_CATALOGS = YES;
				MTL_ENABLE_DEBUG_INFO = INCLUDE_SOURCE;
				MTL_FAST_MATH = YES;
				ONLY_ACTIVE_ARCH = YES;
				SDKROOT = iphoneos;
				SWIFT_ACTIVE_COMPILATION_CONDITIONS = "DEBUG $(inherited)";
				SWIFT_OPTIMIZATION_LEVEL = "-Onone";
			};
			name = Debug;
		};
		EDEB0F292BBC219800F03944 /* Release */ = {
			isa = XCBuildConfiguration;
			buildSettings = {
				ALWAYS_SEARCH_USER_PATHS = NO;
				ASSETCATALOG_COMPILER_GENERATE_SWIFT_ASSET_SYMBOL_EXTENSIONS = YES;
				CLANG_ANALYZER_NONNULL = YES;
				CLANG_ANALYZER_NUMBER_OBJECT_CONVERSION = YES_AGGRESSIVE;
				CLANG_CXX_LANGUAGE_STANDARD = "gnu++20";
				CLANG_ENABLE_MODULES = YES;
				CLANG_ENABLE_OBJC_ARC = YES;
				CLANG_ENABLE_OBJC_WEAK = YES;
				CLANG_WARN_BLOCK_CAPTURE_AUTORELEASING = YES;
				CLANG_WARN_BOOL_CONVERSION = YES;
				CLANG_WARN_COMMA = YES;
				CLANG_WARN_CONSTANT_CONVERSION = YES;
				CLANG_WARN_DEPRECATED_OBJC_IMPLEMENTATIONS = YES;
				CLANG_WARN_DIRECT_OBJC_ISA_USAGE = YES_ERROR;
				CLANG_WARN_DOCUMENTATION_COMMENTS = YES;
				CLANG_WARN_EMPTY_BODY = YES;
				CLANG_WARN_ENUM_CONVERSION = YES;
				CLANG_WARN_INFINITE_RECURSION = YES;
				CLANG_WARN_INT_CONVERSION = YES;
				CLANG_WARN_NON_LITERAL_NULL_CONVERSION = YES;
				CLANG_WARN_OBJC_IMPLICIT_RETAIN_SELF = YES;
				CLANG_WARN_OBJC_LITERAL_CONVERSION = YES;
				CLANG_WARN_OBJC_ROOT_CLASS = YES_ERROR;
				CLANG_WARN_QUOTED_INCLUDE_IN_FRAMEWORK_HEADER = YES;
				CLANG_WARN_RANGE_LOOP_ANALYSIS = YES;
				CLANG_WARN_STRICT_PROTOTYPES = YES;
				CLANG_WARN_SUSPICIOUS_MOVE = YES;
				CLANG_WARN_UNGUARDED_AVAILABILITY = YES_AGGRESSIVE;
				CLANG_WARN_UNREACHABLE_CODE = YES;
				CLANG_WARN__DUPLICATE_METHOD_MATCH = YES;
				COPY_PHASE_STRIP = NO;
				DEBUG_INFORMATION_FORMAT = "dwarf-with-dsym";
				ENABLE_NS_ASSERTIONS = NO;
				ENABLE_STRICT_OBJC_MSGSEND = YES;
				ENABLE_USER_SCRIPT_SANDBOXING = YES;
				GCC_C_LANGUAGE_STANDARD = gnu17;
				GCC_NO_COMMON_BLOCKS = YES;
				GCC_WARN_64_TO_32_BIT_CONVERSION = YES;
				GCC_WARN_ABOUT_RETURN_TYPE = YES_ERROR;
				GCC_WARN_UNDECLARED_SELECTOR = YES;
				GCC_WARN_UNINITIALIZED_AUTOS = YES_AGGRESSIVE;
				GCC_WARN_UNUSED_FUNCTION = YES;
				GCC_WARN_UNUSED_VARIABLE = YES;
				IPHONEOS_DEPLOYMENT_TARGET = 17.2;
				LOCALIZATION_PREFERS_STRING_CATALOGS = YES;
				MTL_ENABLE_DEBUG_INFO = NO;
				MTL_FAST_MATH = YES;
				SDKROOT = iphoneos;
				SWIFT_COMPILATION_MODE = wholemodule;
				VALIDATE_PRODUCT = YES;
			};
			name = Release;
		};
		EDEB0F2B2BBC219800F03944 /* Debug */ = {
			isa = XCBuildConfiguration;
			buildSettings = {
				ASSETCATALOG_COMPILER_APPICON_NAME = AppIcon;
				ASSETCATALOG_COMPILER_GLOBAL_ACCENT_COLOR_NAME = AccentColor;
				CODE_SIGN_STYLE = Automatic;
				CURRENT_PROJECT_VERSION = 1;
				GENERATE_INFOPLIST_FILE = YES;
				INFOPLIST_FILE = TestApp/Info.plist;
				INFOPLIST_KEY_UIApplicationSupportsIndirectInputEvents = YES;
				INFOPLIST_KEY_UILaunchStoryboardName = LaunchScreen;
				INFOPLIST_KEY_UIMainStoryboardFile = "";
				INFOPLIST_KEY_UISupportedInterfaceOrientations_iPad = "UIInterfaceOrientationPortrait UIInterfaceOrientationPortraitUpsideDown UIInterfaceOrientationLandscapeLeft UIInterfaceOrientationLandscapeRight";
				INFOPLIST_KEY_UISupportedInterfaceOrientations_iPhone = "UIInterfaceOrientationPortrait UIInterfaceOrientationLandscapeLeft UIInterfaceOrientationLandscapeRight";
				LD_RUNPATH_SEARCH_PATHS = (
					"$(inherited)",
					"@executable_path/Frameworks",
				);
				MARKETING_VERSION = 1.0;
				PRODUCT_BUNDLE_IDENTIFIER = com.kseverin.TestApp;
				PRODUCT_NAME = "$(TARGET_NAME)";
				SWIFT_EMIT_LOC_STRINGS = YES;
				SWIFT_VERSION = 5.0;
				TARGETED_DEVICE_FAMILY = "1,2";
			};
			name = Debug;
		};
		EDEB0F2C2BBC219800F03944 /* Release */ = {
			isa = XCBuildConfiguration;
			buildSettings = {
				ASSETCATALOG_COMPILER_APPICON_NAME = AppIcon;
				ASSETCATALOG_COMPILER_GLOBAL_ACCENT_COLOR_NAME = AccentColor;
				CODE_SIGN_STYLE = Automatic;
				CURRENT_PROJECT_VERSION = 1;
				GENERATE_INFOPLIST_FILE = YES;
				INFOPLIST_FILE = TestApp/Info.plist;
				INFOPLIST_KEY_UIApplicationSupportsIndirectInputEvents = YES;
				INFOPLIST_KEY_UILaunchStoryboardName = LaunchScreen;
				INFOPLIST_KEY_UIMainStoryboardFile = "";
				INFOPLIST_KEY_UISupportedInterfaceOrientations_iPad = "UIInterfaceOrientationPortrait UIInterfaceOrientationPortraitUpsideDown UIInterfaceOrientationLandscapeLeft UIInterfaceOrientationLandscapeRight";
				INFOPLIST_KEY_UISupportedInterfaceOrientations_iPhone = "UIInterfaceOrientationPortrait UIInterfaceOrientationLandscapeLeft UIInterfaceOrientationLandscapeRight";
				LD_RUNPATH_SEARCH_PATHS = (
					"$(inherited)",
					"@executable_path/Frameworks",
				);
				MARKETING_VERSION = 1.0;
				PRODUCT_BUNDLE_IDENTIFIER = com.kseverin.TestApp;
				PRODUCT_NAME = "$(TARGET_NAME)";
				SWIFT_EMIT_LOC_STRINGS = YES;
				SWIFT_VERSION = 5.0;
				TARGETED_DEVICE_FAMILY = "1,2";
			};
			name = Release;
		};
/* End XCBuildConfiguration section */

/* Begin XCConfigurationList section */
		EDEB0F112BBC219700F03944 /* Build configuration list for PBXProject "TestApp" */ = {
			isa = XCConfigurationList;
			buildConfigurations = (
				EDEB0F282BBC219800F03944 /* Debug */,
				EDEB0F292BBC219800F03944 /* Release */,
			);
			defaultConfigurationIsVisible = 0;
			defaultConfigurationName = Release;
		};
		EDEB0F2A2BBC219800F03944 /* Build configuration list for PBXNativeTarget "TestApp" */ = {
			isa = XCConfigurationList;
			buildConfigurations = (
				EDEB0F2B2BBC219800F03944 /* Debug */,
				EDEB0F2C2BBC219800F03944 /* Release */,
			);
			defaultConfigurationIsVisible = 0;
			defaultConfigurationName = Release;
		};
/* End XCConfigurationList section */
	};
	rootObject = EDEB0F0E2BBC219700F03944 /* Project object */;
}
